
Microsoft Visual Studio Solution File, Format Version 12.00
# Visual Studio Version 17
VisualStudioVersion = 17.14.36616.10 d17.14
MinimumVisualStudioVersion = 10.0.40219.1
Project("{FAE04EC0-301F-11D3-BF4B-00C04F79EFBC}") = "Inventario", "Inventario\Inventario.csproj", "{90EE0416-9CBF-4A38-8CA0-1AF9CB3B7FC1}"
EndProject
Project("{FAE04EC0-301F-11D3-BF4B-00C04F79EFBC}") = "Inventario.Test", "Inventario.Test\Inventario.Test.csproj", "{80C5F065-18B7-4B06-A176-C8320110074E}"
EndProject
Global
	GlobalSection(SolutionConfigurationPlatforms) = preSolution
		Debug|Any CPU = Debug|Any CPU
		Release|Any CPU = Release|Any CPU
	EndGlobalSection
	GlobalSection(ProjectConfigurationPlatforms) = postSolution
		{90EE0416-9CBF-4A38-8CA0-1AF9CB3B7FC1}.Debug|Any CPU.ActiveCfg = Debug|Any CPU
		{90EE0416-9CBF-4A38-8CA0-1AF9CB3B7FC1}.Debug|Any CPU.Build.0 = Debug|Any CPU
		{90EE0416-9CBF-4A38-8CA0-1AF9CB3B7FC1}.Release|Any CPU.ActiveCfg = Release|Any CPU
		{90EE0416-9CBF-4A38-8CA0-1AF9CB3B7FC1}.Release|Any CPU.Build.0 = Release|Any CPU
		{80C5F065-18B7-4B06-A176-C8320110074E}.Debug|Any CPU.ActiveCfg = Debug|Any CPU
		{80C5F065-18B7-4B06-A176-C8320110074E}.Debug|Any CPU.Build.0 = Debug|Any CPU
		{80C5F065-18B7-4B06-A176-C8320110074E}.Release|Any CPU.ActiveCfg = Release|Any CPU
		{80C5F065-18B7-4B06-A176-C8320110074E}.Release|Any CPU.Build.0 = Release|Any CPU
	EndGlobalSection
	GlobalSection(SolutionProperties) = preSolution
		HideSolutionNode = FALSE
	EndGlobalSection
	GlobalSection(ExtensibilityGlobals) = postSolution
		SolutionGuid = {80C3F971-9E19-42BC-8420-FAA5004B8E9A}
	EndGlobalSection
EndGlobal
